# This file is automatically @generated by Poetry 1.8.4 and should not be changed by hand.

[[package]]
name = "cachetools"
version = "5.5.2"
description = "Extensible memoizing collections and decorators"
optional = false
python-versions = ">=3.7"
files = [
    {file = "cachetools-5.5.2-py3-none-any.whl", hash = "sha256:d26a22bcc62eb95c3beabd9f1ee5e820d3d2704fe2967cbe350e20c8ffcd3f0a"},
    {file = "cachetools-5.5.2.tar.gz", hash = "sha256:1a661caa9175d26759571b2e19580f9d6393969e5dfca11fdb1f947a23e640d4"},
]

[[package]]
name = "chardet"
version = "5.2.0"
description = "Universal encoding detector for Python 3"
optional = false
python-versions = ">=3.7"
files = [
    {file = "chardet-5.2.0-py3-none-any.whl", hash = "sha256:e1cf59446890a00105fe7b7912492ea04b6e6f06d4b742b2c788469e34c82970"},
    {file = "chardet-5.2.0.tar.gz", hash = "sha256:1b3b6ff479a8c414bc3fa2c0852995695c4a026dcd6d0633b2dd092ca39c1cf7"},
]

[[package]]
name = "colorama"
version = "0.4.6"
description = "Cross-platform colored terminal text."
optional = false
python-versions = "!=3.0.*,!=3.1.*,!=3.2.*,!=3.3.*,!=3.4.*,!=3.5.*,!=3.6.*,>=2.7"
files = [
    {file = "colorama-0.4.6-py2.py3-none-any.whl", hash = "sha256:4f1d9991f5acc0ca119f9d443620b77f9d6b33703e51011c16baf57afb285fc6"},
    {file = "colorama-0.4.6.tar.gz", hash = "sha256:08695f5cb7ed6e0531a20572697297273c47b8cae5a63ffc6d6ed5c201be6e44"},
]

[[package]]
name = "distlib"
version = "0.3.9"
description = "Distribution utilities"
optional = false
python-versions = "*"
files = [
    {file = "distlib-0.3.9-py2.py3-none-any.whl", hash = "sha256:47f8c22fd27c27e25a65601af709b38e4f0a45ea4fc2e710f65755fa8caaaf87"},
    {file = "distlib-0.3.9.tar.gz", hash = "sha256:a60f20dea646b8a33f3e7772f74dc0b2d0772d2837ee1342a00645c81edf9403"},
]

[[package]]
name = "filelock"
version = "3.18.0"
description = "A platform independent file lock."
optional = false
python-versions = ">=3.9"
files = [
    {file = "filelock-3.18.0-py3-none-any.whl", hash = "sha256:c401f4f8377c4464e6db25fff06205fd89bdd83b65eb0488ed1b160f780e21de"},
    {file = "filelock-3.18.0.tar.gz", hash = "sha256:adbc88eabb99d2fec8c9c1b229b171f18afa655400173ddc653d5d01501fb9f2"},
]

[package.extras]
docs = ["furo (>=2024.8.6)", "sphinx (>=8.1.3)", "sphinx-autodoc-typehints (>=3)"]
testing = ["covdefaults (>=2.3)", "coverage (>=7.6.10)", "diff-cover (>=9.2.1)", "pytest (>=8.3.4)", "pytest-asyncio (>=0.25.2)", "pytest-cov (>=6)", "pytest-mock (>=3.14)", "pytest-timeout (>=2.3.1)", "virtualenv (>=20.28.1)"]
typing = ["typing-extensions (>=4.12.2)"]

[[package]]
name = "freezegun"
version = "1.5.1"
description = "Let your Python tests travel through time"
optional = false
python-versions = ">=3.7"
files = [
    {file = "freezegun-1.5.1-py3-none-any.whl", hash = "sha256:bf111d7138a8abe55ab48a71755673dbaa4ab87f4cff5634a4442dfec34c15f1"},
    {file = "freezegun-1.5.1.tar.gz", hash = "sha256:b29dedfcda6d5e8e083ce71b2b542753ad48cfec44037b3fc79702e2980a89e9"},
]

[package.dependencies]
python-dateutil = ">=2.7"

[[package]]
name = "iniconfig"
version = "2.1.0"
description = "brain-dead simple config-ini parsing"
optional = false
python-versions = ">=3.8"
files = [
    {file = "iniconfig-2.1.0-py3-none-any.whl", hash = "sha256:9deba5723312380e77435581c6bf4935c94cbfab9b1ed33ef8d238ea168eb760"},
    {file = "iniconfig-2.1.0.tar.gz", hash = "sha256:3abbd2e30b36733fee78f9c7f7308f2d0050e88f0087fd25c2645f63c773e1c7"},
]

[[package]]
name = "packaging"
version = "25.0"
description = "Core utilities for Python packages"
optional = false
python-versions = ">=3.8"
files = [
    {file = "packaging-25.0-py3-none-any.whl", hash = "sha256:29572ef2b1f17581046b3a2227d5c611fb25ec70ca1ba8554b24b0e69331a484"},
    {file = "packaging-25.0.tar.gz", hash = "sha256:d443872c98d677bf60f6a1f2f8c1cb748e8fe762d2bf9d3148b5599295b0fc4f"},
]

[[package]]
name = "platformdirs"
version = "4.3.7"
description = "A small Python package for determining appropriate platform-specific dirs, e.g. a `user data dir`."
optional = false
python-versions = ">=3.9"
files = [
    {file = "platformdirs-4.3.7-py3-none-any.whl", hash = "sha256:a03875334331946f13c549dbd8f4bac7a13a50a895a0eb1e8c6a8ace80d40a94"},
    {file = "platformdirs-4.3.7.tar.gz", hash = "sha256:eb437d586b6a0986388f0d6f74aa0cde27b48d0e3d66843640bfb6bdcdb6e351"},
]

[package.extras]
docs = ["furo (>=2024.8.6)", "proselint (>=0.14)", "sphinx (>=8.1.3)", "sphinx-autodoc-typehints (>=3)"]
test = ["appdirs (==1.4.4)", "covdefaults (>=2.3)", "pytest (>=8.3.4)", "pytest-cov (>=6)", "pytest-mock (>=3.14)"]
type = ["mypy (>=1.14.1)"]

[[package]]
name = "pluggy"
version = "1.5.0"
description = "plugin and hook calling mechanisms for python"
optional = false
python-versions = ">=3.8"
files = [
    {file = "pluggy-1.5.0-py3-none-any.whl", hash = "sha256:44e1ad92c8ca002de6377e165f3e0f1be63266ab4d554740532335b9d75ea669"},
    {file = "pluggy-1.5.0.tar.gz", hash = "sha256:2cffa88e94fdc978c4c574f15f9e59b7f4201d439195c3715ca9e2486f1d0cf1"},
]

[package.extras]
dev = ["pre-commit", "tox"]
testing = ["pytest", "pytest-benchmark"]

[[package]]
name = "pyproject-api"
version = "1.9.0"
description = "API to interact with the python pyproject.toml based projects"
optional = false
python-versions = ">=3.9"
files = [
    {file = "pyproject_api-1.9.0-py3-none-any.whl", hash = "sha256:326df9d68dea22d9d98b5243c46e3ca3161b07a1b9b18e213d1e24fd0e605766"},
    {file = "pyproject_api-1.9.0.tar.gz", hash = "sha256:7e8a9854b2dfb49454fae421cb86af43efbb2b2454e5646ffb7623540321ae6e"},
]

[package.dependencies]
packaging = ">=24.2"

[package.extras]
docs = ["furo (>=2024.8.6)", "sphinx-autodoc-typehints (>=3)"]
testing = ["covdefaults (>=2.3)", "pytest (>=8.3.4)", "pytest-cov (>=6)", "pytest-mock (>=3.14)", "setuptools (>=75.8)"]

[[package]]
name = "pytest"
version = "8.3.5"
description = "pytest: simple powerful testing with Python"
optional = false
python-versions = ">=3.8"
files = [
    {file = "pytest-8.3.5-py3-none-any.whl", hash = "sha256:c69214aa47deac29fad6c2a4f590b9c4a9fdb16a403176fe154b79c0b4d4d820"},
    {file = "pytest-8.3.5.tar.gz", hash = "sha256:f4efe70cc14e511565ac476b57c279e12a855b11f48f212af1080ef2263d3845"},
]

[package.dependencies]
colorama = {version = "*", markers = "sys_platform == \"win32\""}
iniconfig = "*"
packaging = "*"
pluggy = ">=1.5,<2"

[package.extras]
dev = ["argcomplete", "attrs (>=19.2)", "hypothesis (>=3.56)", "mock", "pygments (>=2.7.2)", "requests", "setuptools", "xmlschema"]

[[package]]
name = "pytest-django"
version = "4.11.1"
description = "A Django plugin for pytest."
optional = false
python-versions = ">=3.8"
files = [
    {file = "pytest_django-4.11.1-py3-none-any.whl", hash = "sha256:1b63773f648aa3d8541000c26929c1ea63934be1cfa674c76436966d73fe6a10"},
    {file = "pytest_django-4.11.1.tar.gz", hash = "sha256:a949141a1ee103cb0e7a20f1451d355f83f5e4a5d07bdd4dcfdd1fd0ff227991"},
]

[package.dependencies]
pytest = ">=7.0.0"

[package.extras]
docs = ["sphinx", "sphinx_rtd_theme"]
testing = ["Django", "django-configurations (>=2.0)"]

[[package]]
name = "python-dateutil"
version = "2.9.0.post0"
description = "Extensions to the standard Python datetime module"
optional = false
python-versions = "!=3.0.*,!=3.1.*,!=3.2.*,>=2.7"
files = [
    {file = "python-dateutil-2.9.0.post0.tar.gz", hash = "sha256:37dd54208da7e1cd875388217d5e00ebd4179249f90fb72437e91a35459a0ad3"},
    {file = "python_dateutil-2.9.0.post0-py2.py3-none-any.whl", hash = "sha256:a8b2bc7bffae282281c8140a97d3aa9c14da0b136dfe83f850eea9a5f7470427"},
]

[package.dependencies]
six = ">=1.5"

[[package]]
name = "ruff"
version = "0.11.8"
description = "An extremely fast Python linter and code formatter, written in Rust."
optional = false
python-versions = ">=3.7"
files = [
    {file = "ruff-0.11.8-py3-none-linux_armv6l.whl", hash = "sha256:896a37516c594805e34020c4a7546c8f8a234b679a7716a3f08197f38913e1a3"},
    {file = "ruff-0.11.8-py3-none-macosx_10_12_x86_64.whl", hash = "sha256:ab86d22d3d721a40dd3ecbb5e86ab03b2e053bc93c700dc68d1c3346b36ce835"},
    {file = "ruff-0.11.8-py3-none-macosx_11_0_arm64.whl", hash = "sha256:258f3585057508d317610e8a412788cf726efeefa2fec4dba4001d9e6f90d46c"},
    {file = "ruff-0.11.8-py3-none-manylinux_2_17_aarch64.manylinux2014_aarch64.whl", hash = "sha256:727d01702f7c30baed3fc3a34901a640001a2828c793525043c29f7614994a8c"},
    {file = "ruff-0.11.8-py3-none-manylinux_2_17_armv7l.manylinux2014_armv7l.whl", hash = "sha256:3dca977cc4fc8f66e89900fa415ffe4dbc2e969da9d7a54bfca81a128c5ac219"},
    {file = "ruff-0.11.8-py3-none-manylinux_2_17_i686.manylinux2014_i686.whl", hash = "sha256:c657fa987d60b104d2be8b052d66da0a2a88f9bd1d66b2254333e84ea2720c7f"},
    {file = "ruff-0.11.8-py3-none-manylinux_2_17_ppc64.manylinux2014_ppc64.whl", hash = "sha256:f2e74b021d0de5eceb8bd32919f6ff8a9b40ee62ed97becd44993ae5b9949474"},
    {file = "ruff-0.11.8-py3-none-manylinux_2_17_ppc64le.manylinux2014_ppc64le.whl", hash = "sha256:f9b5ef39820abc0f2c62111f7045009e46b275f5b99d5e59dda113c39b7f4f38"},
    {file = "ruff-0.11.8-py3-none-manylinux_2_17_s390x.manylinux2014_s390x.whl", hash = "sha256:c1dba3135ca503727aa4648152c0fa67c3b1385d3dc81c75cd8a229c4b2a1458"},
    {file = "ruff-0.11.8-py3-none-manylinux_2_17_x86_64.manylinux2014_x86_64.whl", hash = "sha256:7f024d32e62faad0f76b2d6afd141b8c171515e4fb91ce9fd6464335c81244e5"},
    {file = "ruff-0.11.8-py3-none-musllinux_1_2_aarch64.whl", hash = "sha256:d365618d3ad747432e1ae50d61775b78c055fee5936d77fb4d92c6f559741948"},
    {file = "ruff-0.11.8-py3-none-musllinux_1_2_armv7l.whl", hash = "sha256:4d9aaa91035bdf612c8ee7266153bcf16005c7c7e2f5878406911c92a31633cb"},
    {file = "ruff-0.11.8-py3-none-musllinux_1_2_i686.whl", hash = "sha256:0eba551324733efc76116d9f3a0d52946bc2751f0cd30661564117d6fd60897c"},
    {file = "ruff-0.11.8-py3-none-musllinux_1_2_x86_64.whl", hash = "sha256:161eb4cff5cfefdb6c9b8b3671d09f7def2f960cee33481dd898caf2bcd02304"},
    {file = "ruff-0.11.8-py3-none-win32.whl", hash = "sha256:5b18caa297a786465cc511d7f8be19226acf9c0a1127e06e736cd4e1878c3ea2"},
    {file = "ruff-0.11.8-py3-none-win_amd64.whl", hash = "sha256:6e70d11043bef637c5617297bdedec9632af15d53ac1e1ba29c448da9341b0c4"},
    {file = "ruff-0.11.8-py3-none-win_arm64.whl", hash = "sha256:304432e4c4a792e3da85b7699feb3426a0908ab98bf29df22a31b0cdd098fac2"},
    {file = "ruff-0.11.8.tar.gz", hash = "sha256:6d742d10626f9004b781f4558154bb226620a7242080e11caeffab1a40e99df8"},
]

[[package]]
name = "setuptools"
version = "70.3.0"
description = "Easily download, build, install, upgrade, and uninstall Python packages"
optional = false
python-versions = ">=3.8"
files = [
    {file = "setuptools-70.3.0-py3-none-any.whl", hash = "sha256:fe384da74336c398e0d956d1cae0669bc02eed936cdb1d49b57de1990dc11ffc"},
    {file = "setuptools-70.3.0.tar.gz", hash = "sha256:f171bab1dfbc86b132997f26a119f6056a57950d058587841a0082e8830f9dc5"},
]

[package.extras]
doc = ["furo", "jaraco.packaging (>=9.3)", "jaraco.tidelift (>=1.4)", "pygments-github-lexers (==0.0.5)", "pyproject-hooks (!=1.1)", "rst.linker (>=1.9)", "sphinx (>=3.5)", "sphinx-favicon", "sphinx-inline-tabs", "sphinx-lint", "sphinx-notfound-page (>=1,<2)", "sphinx-reredirects", "sphinxcontrib-towncrier"]
test = ["build[virtualenv] (>=1.0.3)", "filelock (>=3.4.0)", "importlib-metadata", "ini2toml[lite] (>=0.14)", "jaraco.develop (>=7.21)", "jaraco.envs (>=2.2)", "jaraco.path (>=3.2.0)", "jaraco.test", "mypy (==1.10.0)", "packaging (>=23.2)", "pip (>=19.1)", "pyproject-hooks (!=1.1)", "pytest (>=6,!=8.1.*)", "pytest-checkdocs (>=2.4)", "pytest-cov", "pytest-enabler (>=2.2)", "pytest-home (>=0.5)", "pytest-mypy", "pytest-perf", "pytest-ruff (>=0.3.2)", "pytest-subprocess", "pytest-timeout", "pytest-xdist (>=3)", "tomli", "tomli-w (>=1.0.0)", "virtualenv (>=13.0.0)", "wheel"]

[[package]]
name = "six"
version = "1.17.0"
description = "Python 2 and 3 compatibility utilities"
optional = false
python-versions = "!=3.0.*,!=3.1.*,!=3.2.*,>=2.7"
files = [
    {file = "six-1.17.0-py2.py3-none-any.whl", hash = "sha256:4721f391ed90541fddacab5acf947aa0d3dc7d27b2e1e8eda2be8970586c3274"},
    {file = "six-1.17.0.tar.gz", hash = "sha256:ff70335d468e7eb6ec65b95b99d3a2836546063f63acc5171de367e834932a81"},
]

[[package]]
name = "tox"
version = "4.25.0"
description = "tox is a generic virtualenv management and test command line tool"
optional = false
python-versions = ">=3.8"
files = [
    {file = "tox-4.25.0-py3-none-any.whl", hash = "sha256:4dfdc7ba2cc6fdc6688dde1b21e7b46ff6c41795fb54586c91a3533317b5255c"},
    {file = "tox-4.25.0.tar.gz", hash = "sha256:dd67f030317b80722cf52b246ff42aafd3ed27ddf331c415612d084304cf5e52"},
]

[package.dependencies]
cachetools = ">=5.5.1"
chardet = ">=5.2"
colorama = ">=0.4.6"
filelock = ">=3.16.1"
packaging = ">=24.2"
platformdirs = ">=4.3.6"
pluggy = ">=1.5"
pyproject-api = ">=1.8"
virtualenv = ">=20.29.1"

[package.extras]
test = ["devpi-process (>=1.0.2)", "pytest (>=8.3.4)", "pytest-mock (>=3.14)"]

[[package]]
name = "tox-gh-actions"
version = "3.3.0"
description = "Seamless integration of tox into GitHub Actions"
optional = false
python-versions = ">=3.7"
files = [
    {file = "tox_gh_actions-3.3.0-py2.py3-none-any.whl", hash = "sha256:0e1f9db7a775d04b6d94ab801c60d2d482929a934136262969791eb0ccac65a4"},
    {file = "tox_gh_actions-3.3.0.tar.gz", hash = "sha256:6933775dd7ab98649de5134283277e604fecfd4eb44bf31150c1c6ba2b1092ef"},
]

[package.dependencies]
tox = ">=4,<5"

[package.extras]
testing = ["black", "devpi-process", "flake8 (>=6,<7)", "mypy", "pytest (>=7)", "pytest-cov (>=4)", "pytest-mock (>=3)", "pytest-randomly (>=3)"]

[[package]]
name = "virtualenv"
version = "20.30.0"
description = "Virtual Python Environment builder"
optional = false
python-versions = ">=3.8"
files = [
    {file = "virtualenv-20.30.0-py3-none-any.whl", hash = "sha256:e34302959180fca3af42d1800df014b35019490b119eba981af27f2fa486e5d6"},
    {file = "virtualenv-20.30.0.tar.gz", hash = "sha256:800863162bcaa5450a6e4d721049730e7f2dae07720e0902b0e4040bd6f9ada8"},
]

[package.dependencies]
distlib = ">=0.3.7,<1"
filelock = ">=3.12.2,<4"
platformdirs = ">=3.9.1,<5"

[package.extras]
docs = ["furo (>=2023.7.26)", "proselint (>=0.13)", "sphinx (>=7.1.2,!=7.3)", "sphinx-argparse (>=0.4)", "sphinxcontrib-towncrier (>=0.2.1a0)", "towncrier (>=23.6)"]
test = ["covdefaults (>=2.3)", "coverage (>=7.2.7)", "coverage-enable-subprocess (>=1)", "flaky (>=3.7)", "packaging (>=23.1)", "pytest (>=7.4)", "pytest-env (>=0.8.2)", "pytest-freezer (>=0.4.8)", "pytest-mock (>=3.11.1)", "pytest-randomly (>=3.12)", "pytest-timeout (>=2.1)", "setuptools (>=68)", "time-machine (>=2.10)"]

[metadata]
lock-version = "2.0"
python-versions = "^3.12.0"
content-hash = "8ad7d12a10ddccd3cd5c4765129366e48c86171ea770460a2853d4e00ba2fb32"
